
Microsoft Visual Studio Solution File, Format Version 12.00
# Visual Studio Version 16
VisualStudioVersion = 16.0.31321.278
MinimumVisualStudioVersion = 10.0.40219.1
Project("{9A19103F-16F7-4668-BE54-9A1E7A4F7556}") = "InvestmentProjection", "InvestmentProjection\InvestmentProjection.csproj", "{1A8BAF9D-6ACA-4212-B936-6712D8E07873}"
EndProject
Project("{9A19103F-16F7-4668-BE54-9A1E7A4F7556}") = "InvestmentProjection.BusinessLogic", "InvestmentProjection.BusinessLogic\InvestmentProjection.BusinessLogic.csproj", "{D2899AB9-56B5-431A-9CC8-46ABA38DFCF5}"
EndProject
Project("{FAE04EC0-301F-11D3-BF4B-00C04F79EFBC}") = "InvestmentProjection.Tests", "InvestmentProjection.Tests\InvestmentProjection.Tests.csproj", "{69D2DAB1-152E-4C14-8DB8-22977C8644E1}"
EndProject
Global
	GlobalSection(SolutionConfigurationPlatforms) = preSolution
		Debug|Any CPU = Debug|Any CPU
		Release|Any CPU = Release|Any CPU
	EndGlobalSection
	GlobalSection(ProjectConfigurationPlatforms) = postSolution
		{1A8BAF9D-6ACA-4212-B936-6712D8E07873}.Debug|Any CPU.ActiveCfg = Debug|Any CPU
		{1A8BAF9D-6ACA-4212-B936-6712D8E07873}.Debug|Any CPU.Build.0 = Debug|Any CPU
		{1A8BAF9D-6ACA-4212-B936-6712D8E07873}.Release|Any CPU.ActiveCfg = Release|Any CPU
		{1A8BAF9D-6ACA-4212-B936-6712D8E07873}.Release|Any CPU.Build.0 = Release|Any CPU
		{D2899AB9-56B5-431A-9CC8-46ABA38DFCF5}.Debug|Any CPU.ActiveCfg = Debug|Any CPU
		{D2899AB9-56B5-431A-9CC8-46ABA38DFCF5}.Debug|Any CPU.Build.0 = Debug|Any CPU
		{D2899AB9-56B5-431A-9CC8-46ABA38DFCF5}.Release|Any CPU.ActiveCfg = Release|Any CPU
		{D2899AB9-56B5-431A-9CC8-46ABA38DFCF5}.Release|Any CPU.Build.0 = Release|Any CPU
		{69D2DAB1-152E-4C14-8DB8-22977C8644E1}.Debug|Any CPU.ActiveCfg = Debug|Any CPU
		{69D2DAB1-152E-4C14-8DB8-22977C8644E1}.Debug|Any CPU.Build.0 = Debug|Any CPU
		{69D2DAB1-152E-4C14-8DB8-22977C8644E1}.Release|Any CPU.ActiveCfg = Release|Any CPU
		{69D2DAB1-152E-4C14-8DB8-22977C8644E1}.Release|Any CPU.Build.0 = Release|Any CPU
	EndGlobalSection
	GlobalSection(SolutionProperties) = preSolution
		HideSolutionNode = FALSE
	EndGlobalSection
	GlobalSection(ExtensibilityGlobals) = postSolution
		SolutionGuid = {8D7329F9-DDC2-403A-82FE-3CC5AF8A4765}
	EndGlobalSection
EndGlobal
